name: Update Flake
on:
  schedule:
    - cron: '0 3 * * *' # 3 AM daily
  workflow_dispatch: # Allows manual trigger

jobs:
  update:
    permissions:
      contents: write
      id-token: write
      issues: write
      pull-requests: write
    runs-on: ubuntu-latest
    steps:
      - name: Checkout repository
        uses: actions/checkout@v6

      - name: Install Nix
        uses: DeterminateSystems/nix-installer-action@main

      - name: Update flake.lock
        uses: DeterminateSystems/update-flake-lock@main
        with:
          pr-title: "chore: update flake.lock"
          token: ${{ secrets.GH_PAT }}
          pr-labels: |
            dependencies
            automated