name: "Update flake.lock"

on:
  workflow_dispatch:
  schedule:
    - cron: '0 3 * * *'

permissions:
  contents: write
  pull-requests: write

jobs:
  lockfile:
    runs-on: ubuntu-latest
    steps:
      - uses: actions/checkout@v4
      - uses: DeterminateSystems/nix-installer-action@main
      - uses: DeterminateSystems/update-flake-lock@main
        id: update

      - name: Test NixOS build for Barbara
        run: |
          nix run nixpkgs#nixos-rebuild -- \
            dry-build --flake .#Barbara

      - name: Test NixOS build for Gertrude
        if: success()
        run: |
          nix run nixpkgs#nixos-rebuild -- \
            dry-build --flake .#Gertrude

      - name: Auto-merge PR
        if: success()
        run: gh pr merge --auto "${{ steps.update.outputs.pull-request-number }}" --rebase
        env:
          GH_TOKEN: ${{ github.token }}
